
Microsoft Visual Studio Solution File, Format Version 12.00
# Visual Studio Version 17
VisualStudioVersion = 17.14.36811.4 d17.14
MinimumVisualStudioVersion = 10.0.40219.1
Project("{FAE04EC0-301F-11D3-BF4B-00C04F79EFBC}") = "InventarioAPI", "InventarioAPI.csproj", "{77520C97-DC4D-42F9-B1FD-8668952B0F4F}"
EndProject
Global
	GlobalSection(SolutionConfigurationPlatforms) = preSolution
		Debug|Any CPU = Debug|Any CPU
		Release|Any CPU = Release|Any CPU
	EndGlobalSection
	GlobalSection(ProjectConfigurationPlatforms) = postSolution
		{77520C97-DC4D-42F9-B1FD-8668952B0F4F}.Debug|Any CPU.ActiveCfg = Debug|Any CPU
		{77520C97-DC4D-42F9-B1FD-8668952B0F4F}.Debug|Any CPU.Build.0 = Debug|Any CPU
		{77520C97-DC4D-42F9-B1FD-8668952B0F4F}.Release|Any CPU.ActiveCfg = Release|Any CPU
		{77520C97-DC4D-42F9-B1FD-8668952B0F4F}.Release|Any CPU.Build.0 = Release|Any CPU
	EndGlobalSection
	GlobalSection(SolutionProperties) = preSolution
		HideSolutionNode = FALSE
	EndGlobalSection
	GlobalSection(ExtensibilityGlobals) = postSolution
		SolutionGuid = {E72D0A9B-6CEF-4BD8-A22B-6711223D67A7}
	EndGlobalSection
EndGlobal
